# THIS IS AN AUTOGENERATED FILE. DO NOT EDIT THIS FILE DIRECTLY.
# yarn lockfile v1


"-@^0.0.1":
  version "0.0.1"
  resolved "https://registry.yarnpkg.com/-/-/--0.0.1.tgz#db6db7cd866142880dd03e5b8781d1b4fac0e5bd"
  integrity sha512-3HfneK3DGAm05fpyj20sT3apkNcvPpCuccOThOPdzz8sY7GgQGe0l93XH9bt+YzibcTIgUAIMoyVJI740RtgyQ==

"2@^1.0.2":
  version "1.0.2"
  resolved "https://registry.yarnpkg.com/2/-/2-1.0.2.tgz#356a6f50b4851a311547570c616c6e8ef4b464c1"
  integrity sha1-NWpvULSFGjEVR1cMYWxujvS0ZME=

"3@^2.1.0":
  version "2.1.0"
  resolved "https://registry.yarnpkg.com/3/-/3-2.1.0.tgz#08c61a6de22b4d35ee744b7fa2badd5180b4b4e3"
  integrity sha512-rEoeK/qBZCLzqt9a3Q3Dnb5TUyXnZlxVaWr9ZXBV65Ppzcz59dx3Ik5YUxtni+36CtZgJdhQaYkLgHBdqjxjoA==
  dependencies:
    "2" "^1.0.2"
    chunk-array "^1.0.2"
    enforce-range "^1.0.0"

bootstrap@^5.1.1:
  version "5.1.1"
  resolved "https://registry.yarnpkg.com/bootstrap/-/bootstrap-5.1.1.tgz#9d6eed81e08feaccedf3adaca51fe4b73a2871df"
  integrity sha512-/jUa4sSuDZWlDLQ1gwQQR8uoYSvLJzDd8m5o6bPKh3asLAMYVZKdRCjb1joUd5WXf0WwCNzd2EjwQQhupou0dA==

chunk-array@^1.0.2:
  version "1.0.2"
  resolved "https://registry.yarnpkg.com/chunk-array/-/chunk-array-1.0.2.tgz#78211ff5502bc57b6c76043d8cc606a4423b79ef"
  integrity sha1-eCEf9VArxXtsdgQ9jMYGpEI7ee8=

enforce-range@^1.0.0:
  version "1.0.0"
  resolved "https://registry.yarnpkg.com/enforce-range/-/enforce-range-1.0.0.tgz#f10ccc0396e23684b413d73661d020d192e5ba70"
  integrity sha1-8QzMA5biNoS0E9c2YdAg0ZLlunA=
  dependencies:
    "2" "^1.0.2"

font-awesome@^4.7.0:
  version "4.7.0"
  resolved "https://registry.yarnpkg.com/font-awesome/-/font-awesome-4.7.0.tgz#8fa8cf0411a1a31afd07b06d2902bb9fc815a133"
  integrity sha1-j6jPBBGhoxr9B7BtKQK7n8gVoTM=

jquery@1.9.1:
  version "1.9.1"
  resolved "https://registry.yarnpkg.com/jquery/-/jquery-1.9.1.tgz#e4cd4835faaefbade535857613c0fc3ff2adaf34"
  integrity sha1-5M1INfqu+63lNYV2E8D8P/KtrzQ=

popper.js@^1.16.1:
  version "1.16.1"
  resolved "https://registry.yarnpkg.com/popper.js/-/popper.js-1.16.1.tgz#2a223cb3dc7b6213d740e40372be40de43e65b1b"
  integrity sha512-Wb4p1J4zyFTbM+u6WuO4XstYx4Ky9Cewe4DWrel7B0w6VVICvPwdOpotjzcf6eD8TsckVnIMNONQyPIUFOUbCQ==

select2@^4.1.0-rc.0:
  version "4.1.0-rc.0"
  resolved "https://registry.yarnpkg.com/select2/-/select2-4.1.0-rc.0.tgz#ba3cd3901dda0155e1c0219ab41b74ba51ea22d8"
  integrity sha512-Hr9TdhyHCZUtwznEH2CBf7967mEM0idtJ5nMtjvk3Up5tPukOLXbHUNmh10oRfeNIhj+3GD3niu+g6sVK+gK0A==
